// !$*UTF8*$!
{
	archiveVersion = 1;
	classes = {
	};
	objectVersion = 46;
	objects = {

/* Begin PBXBuildFile section */
		0330690B1DBA726A005E67ED /* AppDelegate.swift in Sources */ = {isa = PBXBuildFile; fileRef = 0330690A1DBA726A005E67ED /* AppDelegate.swift */; };
		0330690D1DBA726A005E67ED /* ViewController.swift in Sources */ = {isa = PBXBuildFile; fileRef = 0330690C1DBA726A005E67ED /* ViewController.swift */; };
		033069101DBA726A005E67ED /* Main.storyboard in Resources */ = {isa = PBXBuildFile; fileRef = 0330690E1DBA726A005E67ED /* Main.storyboard */; };
		033069121DBA726A005E67ED /* Assets.xcassets in Resources */ = {isa = PBXBuildFile; fileRef = 033069111DBA726A005E67ED /* Assets.xcassets */; };
		033069151DBA726A005E67ED /* LaunchScreen.storyboard in Resources */ = {isa = PBXBuildFile; fileRef = 033069131DBA726A005E67ED /* LaunchScreen.storyboard */; };
/* End PBXBuildFile section */

/* Begin PBXFileReference section */
		033069071DBA726A005E67ED /* RNNotificationViewDemo.app */ = {isa = PBXFileReference; explicitFileType = wrapper.application; includeInIndex = 0; path = RNNotificationViewDemo.app; sourceTree = BUILT_PRODUCTS_DIR; };
		0330690A1DBA726A005E67ED /* AppDelegate.swift */ = {isa = PBXFileReference; lastKnownFileType = sourcecode.swift; path = AppDelegate.swift; sourceTree = "<group>"; };
		0330690C1DBA726A005E67ED /* ViewController.swift */ = {isa = PBXFileReference; lastKnownFileType = sourcecode.swift; path = ViewController.swift; sourceTree = "<group>"; };
		0330690F1DBA726A005E67ED /* Base */ = {isa = PBXFileReference; lastKnownFileType = file.storyboard; name = Base; path = Base.lproj/Main.storyboard; sourceTree = "<group>"; };
		033069111DBA726A005E67ED /* Assets.xcassets */ = {isa = PBXFileReference; lastKnownFileType = folder.assetcatalog; path = Assets.xcassets; sourceTree = "<group>"; };
		033069141DBA726A005E67ED /* Base */ = {isa = PBXFileReference; lastKnownFileType = file.storyboard; name = Base; path = Base.lproj/LaunchScreen.storyboard; sourceTree = "<group>"; };
		033069161DBA726A005E67ED /* Info.plist */ = {isa = PBXFileReference; lastKnownFileType = text.plist.xml; path = Info.plist; sourceTree = "<group>"; };
/* End PBXFileReference section */

/* Begin PBXFrameworksBuildPhase section */
		033069041DBA726A005E67ED /* Frameworks */ = {
			isa = PBXFrameworksBuildPhase;
			buildActionMask = 2147483647;
			files = (
			);
			runOnlyForDeploymentPostprocessing = 0;
		};
/* End PBXFrameworksBuildPhase section */

/* Begin PBXGroup section */
		033068FE1DBA726A005E67ED = {
			isa = PBXGroup;
			children = (
				033069091DBA726A005E67ED /* RNNotificationViewDemo */,
				033069081DBA726A005E67ED /* Products */,
			);
			sourceTree = "<group>";
		};
		033069081DBA726A005E67ED /* Products */ = {
			isa = PBXGroup;
			children = (
				033069071DBA726A005E67ED /* RNNotificationViewDemo.app */,
			);
			name = Products;
			sourceTree = "<group>";
		};
		033069091DBA726A005E67ED /* RNNotificationViewDemo */ = {
			isa = PBXGroup;
			children = (
				0330690A1DBA726A005E67ED /* AppDelegate.swift */,
				0330690C1DBA726A005E67ED /* ViewController.swift */,
				0330690E1DBA726A005E67ED /* Main.storyboard */,
				033069111DBA726A005E67ED /* Assets.xcassets */,
				033069131DBA726A005E67ED /* LaunchScreen.storyboard */,
				033069161DBA726A005E67ED /* Info.plist */,
			);
			path = RNNotificationViewDemo;
			sourceTree = "<group>";
		};
/* End PBXGroup section */

/* Begin PBXNativeTarget section */
		033069061DBA726A005E67ED /* RNNotificationViewDemo */ = {
			isa = PBXNativeTarget;
			buildConfigurationList = 033069191DBA726A005E67ED /* Build configuration list for PBXNativeTarget "RNNotificationViewDemo" */;
			buildPhases = (
				033069031DBA726A005E67ED /* Sources */,
				033069041DBA726A005E67ED /* Frameworks */,
				033069051DBA726A005E67ED /* Resources */,
			);
			buildRules = (
			);
			dependencies = (
			);
			name = RNNotificationViewDemo;
			productName = RNNotificationViewDemo;
			productReference = 033069071DBA726A005E67ED /* RNNotificationViewDemo.app */;
			productType = "com.apple.product-type.application";
		};
/* End PBXNativeTarget section */

/* Begin PBXProject section */
		033068FF1DBA726A005E67ED /* Project object */ = {
			isa = PBXProject;
			attributes = {
				LastSwiftUpdateCheck = 0730;
				LastUpgradeCheck = 0730;
				ORGANIZATIONNAME = "Romilson Nunes";
				TargetAttributes = {
					033069061DBA726A005E67ED = {
						CreatedOnToolsVersion = 7.3.1;
					};
				};
			};
			buildConfigurationList = 033069021DBA726A005E67ED /* Build configuration list for PBXProject "RNNotificationViewDemo" */;
			compatibilityVersion = "Xcode 3.2";
			developmentRegion = English;
			hasScannedForEncodings = 0;
			knownRegions = (
				en,
				Base,
			);
			mainGroup = 033068FE1DBA726A005E67ED;
			productRefGroup = 033069081DBA726A005E67ED /* Products */;
			projectDirPath = "";
			projectRoot = "";
			targets = (
				033069061DBA726A005E67ED /* RNNotificationViewDemo */,
			);
		};
/* End PBXProject section */

/* Begin PBXResourcesBuildPhase section */
		033069051DBA726A005E67ED /* Resources */ = {
			isa = PBXResourcesBuildPhase;
			buildActionMask = 2147483647;
			files = (
				033069151DBA726A005E67ED /* LaunchScreen.storyboard in Resources */,
				033069121DBA726A005E67ED /* Assets.xcassets in Resources */,
				033069101DBA726A005E67ED /* Main.storyboard in Resources */,
			);
			runOnlyForDeploymentPostprocessing = 0;
		};
/* End PBXResourcesBuildPhase section */

/* Begin PBXSourcesBuildPhase section */
		033069031DBA726A005E67ED /* Sources */ = {
			isa = PBXSourcesBuildPhase;
			buildActionMask = 2147483647;
			files = (
				0330690D1DBA726A005E67ED /* ViewController.swift in Sources */,
				0330690B1DBA726A005E67ED /* AppDelegate.swift in Sources */,
			);
			runOnlyForDeploymentPostprocessing = 0;
		};
/* End PBXSourcesBuildPhase section */

/* Begin PBXVariantGroup section */
		0330690E1DBA726A005E67ED /* Main.storyboard */ = {
			isa = PBXVariantGroup;
			children = (
				0330690F1DBA726A005E67ED /* Base */,
			);
			name = Main.storyboard;
			sourceTree = "<group>";
		};
		033069131DBA726A005E67ED /* LaunchScreen.storyboard */ = {
			isa = PBXVariantGroup;
			children = (
				033069141DBA726A005E67ED /* Base */,
			);
			name = LaunchScreen.storyboard;
			sourceTree = "<group>";
		};
/* End PBXVariantGroup section */

/* Begin XCBuildConfiguration section */
		033069171DBA726A005E67ED /* Debug */ = {
			isa = XCBuildConfiguration;
			buildSettings = {
				ALWAYS_SEARCH_USER_PATHS = NO;
				CLANG_ANALYZER_NONNULL = YES;
				CLANG_CXX_LANGUAGE_STANDARD = "gnu++0x";
				CLANG_CXX_LIBRARY = "libc++";
				CLANG_ENABLE_MODULES = YES;
				CLANG_ENABLE_OBJC_ARC = YES;
				CLANG_WARN_BOOL_CONVERSION = YES;
				CLANG_WARN_CONSTANT_CONVERSION = YES;
				CLANG_WARN_DIRECT_OBJC_ISA_USAGE = YES_ERROR;
				CLANG_WARN_EMPTY_BODY = YES;
				CLANG_WARN_ENUM_CONVERSION = YES;
				CLANG_WARN_INT_CONVERSION = YES;
				CLANG_WARN_OBJC_ROOT_CLASS = YES_ERROR;
				CLANG_WARN_UNREACHABLE_CODE = YES;
				CLANG_WARN__DUPLICATE_METHOD_MATCH = YES;
				"CODE_SIGN_IDENTITY[sdk=iphoneos*]" = "iPhone Developer";
				COPY_PHASE_STRIP = NO;
				DEBUG_INFORMATION_FORMAT = dwarf;
				ENABLE_STRICT_OBJC_MSGSEND = YES;
				ENABLE_TESTABILITY = YES;
				GCC_C_LANGUAGE_STANDARD = gnu99;
				GCC_DYNAMIC_NO_PIC = NO;
				GCC_NO_COMMON_BLOCKS = YES;
				GCC_OPTIMIZATION_LEVEL = 0;
				GCC_PREPROCESSOR_DEFINITIONS = (
					"DEBUG=1",
					"$(inherited)",
				);
				GCC_WARN_64_TO_32_BIT_CONVERSION = YES;
				GCC_WARN_ABOUT_RETURN_TYPE = YES_ERROR;
				GCC_WARN_UNDECLARED_SELECTOR = YES;
				GCC_WARN_UNINITIALIZED_AUTOS = YES_AGGRESSIVE;
				GCC_WARN_UNUSED_FUNCTION = YES;
				GCC_WARN_UNUSED_VARIABLE = YES;
				IPHONEOS_DEPLOYMENT_TARGET = 9.3;
				MTL_ENABLE_DEBUG_INFO = YES;
				ONLY_ACTIVE_ARCH = YES;
				SDKROOT = iphoneos;
				SWIFT_OPTIMIZATION_LEVEL = "-Onone";
				TARGETED_DEVICE_FAMILY = "1,2";
			};
			name = Debug;
		};
		033069181DBA726A005E67ED /* Release */ = {
			isa = XCBuildConfiguration;
			buildSettings = {
				ALWAYS_SEARCH_USER_PATHS = NO;
				CLANG_ANALYZER_NONNULL = YES;
				CLANG_CXX_LANGUAGE_STANDARD = "gnu++0x";
				CLANG_CXX_LIBRARY = "libc++";
				CLANG_ENABLE_MODULES = YES;
				CLANG_ENABLE_OBJC_ARC = YES;
				CLANG_WARN_BOOL_CONVERSION = YES;
				CLANG_WARN_CONSTANT_CONVERSION = YES;
				CLANG_WARN_DIRECT_OBJC_ISA_USAGE = YES_ERROR;
				CLANG_WARN_EMPTY_BODY = YES;
				CLANG_WARN_ENUM_CONVERSION = YES;
				CLANG_WARN_INT_CONVERSION = YES;
				CLANG_WARN_OBJC_ROOT_CLASS = YES_ERROR;
				CLANG_WARN_UNREACHABLE_CODE = YES;
				CLANG_WARN__DUPLICATE_METHOD_MATCH = YES;
				"CODE_SIGN_IDENTITY[sdk=iphoneos*]" = "iPhone Developer";
				COPY_PHASE_STRIP = NO;
				DEBUG_INFORMATION_FORMAT = "dwarf-with-dsym";
				ENABLE_NS_ASSERTIONS = NO;
				ENABLE_STRICT_OBJC_MSGSEND = YES;
				GCC_C_LANGUAGE_STANDARD = gnu99;
				GCC_NO_COMMON_BLOCKS = YES;
				GCC_WARN_64_TO_32_BIT_CONVERSION = YES;
				GCC_WARN_ABOUT_RETURN_TYPE = YES_ERROR;
				GCC_WARN_UNDECLARED_SELECTOR = YES;
				GCC_WARN_UNINITIALIZED_AUTOS = YES_AGGRESSIVE;
				GCC_WARN_UNUSED_FUNCTION = YES;
				GCC_WARN_UNUSED_VARIABLE = YES;
				IPHONEOS_DEPLOYMENT_TARGET = 9.3;
				MTL_ENABLE_DEBUG_INFO = NO;
				SDKROOT = iphoneos;
				TARGETED_DEVICE_FAMILY = "1,2";
				VALIDATE_PRODUCT = YES;
			};
			name = Release;
		};
		0330691A1DBA726A005E67ED /* Debug */ = {
			isa = XCBuildConfiguration;
			buildSettings = {
				ASSETCATALOG_COMPILER_APPICON_NAME = AppIcon;
				INFOPLIST_FILE = RNNotificationViewDemo/Info.plist;
				LD_RUNPATH_SEARCH_PATHS = "$(inherited) @executable_path/Frameworks";
				PRODUCT_BUNDLE_IDENTIFIER = "Romilson-Nunes.RNNotificationViewDemo";
				PRODUCT_NAME = "$(TARGET_NAME)";
			};
			name = Debug;
		};
		0330691B1DBA726A005E67ED /* Release */ = {
			isa = XCBuildConfiguration;
			buildSettings = {
				ASSETCATALOG_COMPILER_APPICON_NAME = AppIcon;
				INFOPLIST_FILE = RNNotificationViewDemo/Info.plist;
				LD_RUNPATH_SEARCH_PATHS = "$(inherited) @executable_path/Frameworks";
				PRODUCT_BUNDLE_IDENTIFIER = "Romilson-Nunes.RNNotificationViewDemo";
				PRODUCT_NAME = "$(TARGET_NAME)";
			};
			name = Release;
		};
/* End XCBuildConfiguration section */

/* Begin XCConfigurationList section */
		033069021DBA726A005E67ED /* Build configuration list for PBXProject "RNNotificationViewDemo" */ = {
			isa = XCConfigurationList;
			buildConfigurations = (
				033069171DBA726A005E67ED /* Debug */,
				033069181DBA726A005E67ED /* Release */,
			);
			defaultConfigurationIsVisible = 0;
			defaultConfigurationName = Release;
		};
		033069191DBA726A005E67ED /* Build configuration list for PBXNativeTarget "RNNotificationViewDemo" */ = {
			isa = XCConfigurationList;
			buildConfigurations = (
				0330691A1DBA726A005E67ED /* Debug */,
				0330691B1DBA726A005E67ED /* Release */,
			);
			defaultConfigurationIsVisible = 0;
		};
/* End XCConfigurationList section */
	};
	rootObject = 033068FF1DBA726A005E67ED /* Project object */;
}
